
Microsoft Visual Studio Solution File, Format Version 12.00
# Visual Studio Version 17
VisualStudioVersion = 17.0.31903.59
MinimumVisualStudioVersion = 10.0.40219.1
Project("{FAE04EC0-301F-11D3-BF4B-00C04F79EFBC}") = "EShopAPI", "EShopAPI\EShopAPI.csproj", "{0F8B7F39-5A05-49C4-82D0-C665AB314CCA}"
EndProject
Project("{FAE04EC0-301F-11D3-BF4B-00C04F79EFBC}") = "EShopAPI.Tests", "EShopAPI.Tests\EShopAPI.Tests.csproj", "{FF513EE6-2480-4784-AB76-84186A9362A0}"
EndProject
Project("{FAE04EC0-301F-11D3-BF4B-00C04F79EFBC}") = "EShopWeb", "EShopWeb\EShopWeb.csproj", "{AEA71131-71DB-4FAC-AD8F-570FE70030BB}"
EndProject
Global
	GlobalSection(SolutionConfigurationPlatforms) = preSolution
		Debug|Any CPU = Debug|Any CPU
		Debug|x64 = Debug|x64
		Debug|x86 = Debug|x86
		Release|Any CPU = Release|Any CPU
		Release|x64 = Release|x64
		Release|x86 = Release|x86
	EndGlobalSection
	GlobalSection(ProjectConfigurationPlatforms) = postSolution
		{0F8B7F39-5A05-49C4-82D0-C665AB314CCA}.Debug|Any CPU.ActiveCfg = Debug|Any CPU
		{0F8B7F39-5A05-49C4-82D0-C665AB314CCA}.Debug|Any CPU.Build.0 = Debug|Any CPU
		{0F8B7F39-5A05-49C4-82D0-C665AB314CCA}.Debug|x64.ActiveCfg = Debug|Any CPU
		{0F8B7F39-5A05-49C4-82D0-C665AB314CCA}.Debug|x64.Build.0 = Debug|Any CPU
		{0F8B7F39-5A05-49C4-82D0-C665AB314CCA}.Debug|x86.ActiveCfg = Debug|Any CPU
		{0F8B7F39-5A05-49C4-82D0-C665AB314CCA}.Debug|x86.Build.0 = Debug|Any CPU
		{0F8B7F39-5A05-49C4-82D0-C665AB314CCA}.Release|Any CPU.ActiveCfg = Release|Any CPU
		{0F8B7F39-5A05-49C4-82D0-C665AB314CCA}.Release|Any CPU.Build.0 = Release|Any CPU
		{0F8B7F39-5A05-49C4-82D0-C665AB314CCA}.Release|x64.ActiveCfg = Release|Any CPU
		{0F8B7F39-5A05-49C4-82D0-C665AB314CCA}.Release|x64.Build.0 = Release|Any CPU
		{0F8B7F39-5A05-49C4-82D0-C665AB314CCA}.Release|x86.ActiveCfg = Release|Any CPU
		{0F8B7F39-5A05-49C4-82D0-C665AB314CCA}.Release|x86.Build.0 = Release|Any CPU
		{FF513EE6-2480-4784-AB76-84186A9362A0}.Debug|Any CPU.ActiveCfg = Debug|Any CPU
		{FF513EE6-2480-4784-AB76-84186A9362A0}.Debug|Any CPU.Build.0 = Debug|Any CPU
		{FF513EE6-2480-4784-AB76-84186A9362A0}.Debug|x64.ActiveCfg = Debug|Any CPU
		{FF513EE6-2480-4784-AB76-84186A9362A0}.Debug|x64.Build.0 = Debug|Any CPU
		{FF513EE6-2480-4784-AB76-84186A9362A0}.Debug|x86.ActiveCfg = Debug|Any CPU
		{FF513EE6-2480-4784-AB76-84186A9362A0}.Debug|x86.Build.0 = Debug|Any CPU
		{FF513EE6-2480-4784-AB76-84186A9362A0}.Release|Any CPU.ActiveCfg = Release|Any CPU
		{FF513EE6-2480-4784-AB76-84186A9362A0}.Release|Any CPU.Build.0 = Release|Any CPU
		{FF513EE6-2480-4784-AB76-84186A9362A0}.Release|x64.ActiveCfg = Release|Any CPU
		{FF513EE6-2480-4784-AB76-84186A9362A0}.Release|x64.Build.0 = Release|Any CPU
		{FF513EE6-2480-4784-AB76-84186A9362A0}.Release|x86.ActiveCfg = Release|Any CPU
		{FF513EE6-2480-4784-AB76-84186A9362A0}.Release|x86.Build.0 = Release|Any CPU
		{AEA71131-71DB-4FAC-AD8F-570FE70030BB}.Debug|Any CPU.ActiveCfg = Debug|Any CPU
		{AEA71131-71DB-4FAC-AD8F-570FE70030BB}.Debug|Any CPU.Build.0 = Debug|Any CPU
		{AEA71131-71DB-4FAC-AD8F-570FE70030BB}.Debug|x64.ActiveCfg = Debug|Any CPU
		{AEA71131-71DB-4FAC-AD8F-570FE70030BB}.Debug|x64.Build.0 = Debug|Any CPU
		{AEA71131-71DB-4FAC-AD8F-570FE70030BB}.Debug|x86.ActiveCfg = Debug|Any CPU
		{AEA71131-71DB-4FAC-AD8F-570FE70030BB}.Debug|x86.Build.0 = Debug|Any CPU
		{AEA71131-71DB-4FAC-AD8F-570FE70030BB}.Release|Any CPU.ActiveCfg = Release|Any CPU
		{AEA71131-71DB-4FAC-AD8F-570FE70030BB}.Release|Any CPU.Build.0 = Release|Any CPU
		{AEA71131-71DB-4FAC-AD8F-570FE70030BB}.Release|x64.ActiveCfg = Release|Any CPU
		{AEA71131-71DB-4FAC-AD8F-570FE70030BB}.Release|x64.Build.0 = Release|Any CPU
		{AEA71131-71DB-4FAC-AD8F-570FE70030BB}.Release|x86.ActiveCfg = Release|Any CPU
		{AEA71131-71DB-4FAC-AD8F-570FE70030BB}.Release|x86.Build.0 = Release|Any CPU
	EndGlobalSection
	GlobalSection(SolutionProperties) = preSolution
		HideSolutionNode = FALSE
	EndGlobalSection
EndGlobal
